
Microsoft Visual Studio Solution File, Format Version 12.00
# Visual Studio Version 17
VisualStudioVersion = 17.4.33103.184
MinimumVisualStudioVersion = 10.0.40219.1
Project("{9A19103F-16F7-4668-BE54-9A1E7A4F7556}") = "Contact.Api", "Src\Services\Contact\Contact.Api\Contact.Api.csproj", "{9871E479-5893-47B9-8E5F-64CBF3811FB5}"
EndProject
Project("{2150E333-8FDC-42A3-9474-1A3956D46DE8}") = "Src", "Src", "{BDC13C45-8406-4839-8937-9ED26875E64A}"
EndProject
Project("{2150E333-8FDC-42A3-9474-1A3956D46DE8}") = "BuildingBlocks", "BuildingBlocks", "{0BE51451-1531-45B0-8EE5-BD622F77E829}"
EndProject
Project("{2150E333-8FDC-42A3-9474-1A3956D46DE8}") = "EventBus", "EventBus", "{99C6E70B-58C6-4525-84B6-ECFA947784D2}"
EndProject
Project("{9A19103F-16F7-4668-BE54-9A1E7A4F7556}") = "EventBus", "Src\BuildingBlocks\EventBus\EventBus\EventBus.csproj", "{ED36A1C7-6CFF-4557-B151-6384139DF509}"
EndProject
Project("{2150E333-8FDC-42A3-9474-1A3956D46DE8}") = "Services", "Services", "{D3AD3EEA-8F53-4E33-A290-590A284B6CB6}"
EndProject
Project("{2150E333-8FDC-42A3-9474-1A3956D46DE8}") = "Contact", "Contact", "{4369AD1B-29CA-43AB-9715-1888A3F947E7}"
EndProject
Project("{2150E333-8FDC-42A3-9474-1A3956D46DE8}") = "Reporting", "Reporting", "{417E8022-4015-4881-9A8D-DFB237ECE3B6}"
EndProject
Project("{9A19103F-16F7-4668-BE54-9A1E7A4F7556}") = "Reporting.Api", "Src\Services\Reporting\Reporting.Api\Reporting.Api.csproj", "{4EFDEB8A-CD24-4EEF-98E6-73CF6BB3F7DA}"
EndProject
Project("{FAE04EC0-301F-11D3-BF4B-00C04F79EFBC}") = "EventBusRabbitMq", "Src\BuildingBlocks\EventBus\EventBusRabbitMq\EventBusRabbitMq.csproj", "{98E5265C-6F14-4175-97D9-6E9B5DF246E7}"
EndProject
Global
	GlobalSection(SolutionConfigurationPlatforms) = preSolution
		Debug|Any CPU = Debug|Any CPU
		Release|Any CPU = Release|Any CPU
	EndGlobalSection
	GlobalSection(ProjectConfigurationPlatforms) = postSolution
		{9871E479-5893-47B9-8E5F-64CBF3811FB5}.Debug|Any CPU.ActiveCfg = Debug|Any CPU
		{9871E479-5893-47B9-8E5F-64CBF3811FB5}.Debug|Any CPU.Build.0 = Debug|Any CPU
		{9871E479-5893-47B9-8E5F-64CBF3811FB5}.Release|Any CPU.ActiveCfg = Release|Any CPU
		{9871E479-5893-47B9-8E5F-64CBF3811FB5}.Release|Any CPU.Build.0 = Release|Any CPU
		{ED36A1C7-6CFF-4557-B151-6384139DF509}.Debug|Any CPU.ActiveCfg = Debug|Any CPU
		{ED36A1C7-6CFF-4557-B151-6384139DF509}.Debug|Any CPU.Build.0 = Debug|Any CPU
		{ED36A1C7-6CFF-4557-B151-6384139DF509}.Release|Any CPU.ActiveCfg = Release|Any CPU
		{ED36A1C7-6CFF-4557-B151-6384139DF509}.Release|Any CPU.Build.0 = Release|Any CPU
		{4EFDEB8A-CD24-4EEF-98E6-73CF6BB3F7DA}.Debug|Any CPU.ActiveCfg = Debug|Any CPU
		{4EFDEB8A-CD24-4EEF-98E6-73CF6BB3F7DA}.Debug|Any CPU.Build.0 = Debug|Any CPU
		{4EFDEB8A-CD24-4EEF-98E6-73CF6BB3F7DA}.Release|Any CPU.ActiveCfg = Release|Any CPU
		{4EFDEB8A-CD24-4EEF-98E6-73CF6BB3F7DA}.Release|Any CPU.Build.0 = Release|Any CPU
		{98E5265C-6F14-4175-97D9-6E9B5DF246E7}.Debug|Any CPU.ActiveCfg = Debug|Any CPU
		{98E5265C-6F14-4175-97D9-6E9B5DF246E7}.Debug|Any CPU.Build.0 = Debug|Any CPU
		{98E5265C-6F14-4175-97D9-6E9B5DF246E7}.Release|Any CPU.ActiveCfg = Release|Any CPU
		{98E5265C-6F14-4175-97D9-6E9B5DF246E7}.Release|Any CPU.Build.0 = Release|Any CPU
	EndGlobalSection
	GlobalSection(SolutionProperties) = preSolution
		HideSolutionNode = FALSE
	EndGlobalSection
	GlobalSection(NestedProjects) = preSolution
		{9871E479-5893-47B9-8E5F-64CBF3811FB5} = {4369AD1B-29CA-43AB-9715-1888A3F947E7}
		{0BE51451-1531-45B0-8EE5-BD622F77E829} = {BDC13C45-8406-4839-8937-9ED26875E64A}
		{99C6E70B-58C6-4525-84B6-ECFA947784D2} = {0BE51451-1531-45B0-8EE5-BD622F77E829}
		{ED36A1C7-6CFF-4557-B151-6384139DF509} = {99C6E70B-58C6-4525-84B6-ECFA947784D2}
		{D3AD3EEA-8F53-4E33-A290-590A284B6CB6} = {BDC13C45-8406-4839-8937-9ED26875E64A}
		{4369AD1B-29CA-43AB-9715-1888A3F947E7} = {D3AD3EEA-8F53-4E33-A290-590A284B6CB6}
		{417E8022-4015-4881-9A8D-DFB237ECE3B6} = {D3AD3EEA-8F53-4E33-A290-590A284B6CB6}
		{4EFDEB8A-CD24-4EEF-98E6-73CF6BB3F7DA} = {417E8022-4015-4881-9A8D-DFB237ECE3B6}
		{98E5265C-6F14-4175-97D9-6E9B5DF246E7} = {99C6E70B-58C6-4525-84B6-ECFA947784D2}
	EndGlobalSection
	GlobalSection(ExtensibilityGlobals) = postSolution
		SolutionGuid = {47A47EAA-5BAE-40EE-AF04-5A7DBBEA8F5C}
	EndGlobalSection
EndGlobal
